// !$*UTF8*$!
{
	archiveVersion = 1;
	classes = {
	};
	objectVersion = 48;
	objects = {

/* Begin PBXBuildFile section */
		672431922090D6DB00844706 /* BarPlotView.swift in Sources */ = {isa = PBXBuildFile; fileRef = 672431912090D6DB00844706 /* BarPlotView.swift */; };
		677983D521247A9C00D4D1A7 /* README.md in Resources */ = {isa = PBXBuildFile; fileRef = 677983D421247A9C00D4D1A7 /* README.md */; };
		677ABD4B207CFD07005BEDD3 /* AppDelegate.swift in Sources */ = {isa = PBXBuildFile; fileRef = 677ABD4A207CFD07005BEDD3 /* AppDelegate.swift */; };
		677ABD4D207CFD07005BEDD3 /* ViewController.swift in Sources */ = {isa = PBXBuildFile; fileRef = 677ABD4C207CFD07005BEDD3 /* ViewController.swift */; };
		677ABD50207CFD07005BEDD3 /* Main.storyboard in Resources */ = {isa = PBXBuildFile; fileRef = 677ABD4E207CFD07005BEDD3 /* Main.storyboard */; };
		677ABD52207CFD07005BEDD3 /* Assets.xcassets in Resources */ = {isa = PBXBuildFile; fileRef = 677ABD51207CFD07005BEDD3 /* Assets.xcassets */; };
		677ABD55207CFD07005BEDD3 /* LaunchScreen.storyboard in Resources */ = {isa = PBXBuildFile; fileRef = 677ABD53207CFD07005BEDD3 /* LaunchScreen.storyboard */; };
		67A44C1C207D0E3600D4EA48 /* RecorderViewController.swift in Sources */ = {isa = PBXBuildFile; fileRef = 67A44C1B207D0E3600D4EA48 /* RecorderViewController.swift */; };
		67A44C1E207D0E5400D4EA48 /* HistoryTableViewController.swift in Sources */ = {isa = PBXBuildFile; fileRef = 67A44C1D207D0E5400D4EA48 /* HistoryTableViewController.swift */; };
		67E3DB892084EF9400613A7F /* WaveformView.swift in Sources */ = {isa = PBXBuildFile; fileRef = 67E3DB882084EF9400613A7F /* WaveformView.swift */; };
/* End PBXBuildFile section */

/* Begin PBXFileReference section */
		672431912090D6DB00844706 /* BarPlotView.swift */ = {isa = PBXFileReference; lastKnownFileType = sourcecode.swift; path = BarPlotView.swift; sourceTree = "<group>"; };
		677983D421247A9C00D4D1A7 /* README.md */ = {isa = PBXFileReference; fileEncoding = 4; lastKnownFileType = net.daringfireball.markdown; path = README.md; sourceTree = "<group>"; };
		677ABD47207CFD07005BEDD3 /* VoiceRecorder.app */ = {isa = PBXFileReference; explicitFileType = wrapper.application; includeInIndex = 0; path = VoiceRecorder.app; sourceTree = BUILT_PRODUCTS_DIR; };
		677ABD4A207CFD07005BEDD3 /* AppDelegate.swift */ = {isa = PBXFileReference; lastKnownFileType = sourcecode.swift; path = AppDelegate.swift; sourceTree = "<group>"; };
		677ABD4C207CFD07005BEDD3 /* ViewController.swift */ = {isa = PBXFileReference; lastKnownFileType = sourcecode.swift; path = ViewController.swift; sourceTree = "<group>"; };
		677ABD4F207CFD07005BEDD3 /* Base */ = {isa = PBXFileReference; lastKnownFileType = file.storyboard; name = Base; path = Base.lproj/Main.storyboard; sourceTree = "<group>"; };
		677ABD51207CFD07005BEDD3 /* Assets.xcassets */ = {isa = PBXFileReference; lastKnownFileType = folder.assetcatalog; path = Assets.xcassets; sourceTree = "<group>"; };
		677ABD54207CFD07005BEDD3 /* Base */ = {isa = PBXFileReference; lastKnownFileType = file.storyboard; name = Base; path = Base.lproj/LaunchScreen.storyboard; sourceTree = "<group>"; };
		677ABD56207CFD07005BEDD3 /* Info.plist */ = {isa = PBXFileReference; lastKnownFileType = text.plist.xml; path = Info.plist; sourceTree = "<group>"; };
		67A44C1B207D0E3600D4EA48 /* RecorderViewController.swift */ = {isa = PBXFileReference; lastKnownFileType = sourcecode.swift; path = RecorderViewController.swift; sourceTree = "<group>"; };
		67A44C1D207D0E5400D4EA48 /* HistoryTableViewController.swift */ = {isa = PBXFileReference; lastKnownFileType = sourcecode.swift; path = HistoryTableViewController.swift; sourceTree = "<group>"; };
		67E3DB882084EF9400613A7F /* WaveformView.swift */ = {isa = PBXFileReference; lastKnownFileType = sourcecode.swift; path = WaveformView.swift; sourceTree = "<group>"; };
/* End PBXFileReference section */

/* Begin PBXFrameworksBuildPhase section */
		677ABD44207CFD07005BEDD3 /* Frameworks */ = {
			isa = PBXFrameworksBuildPhase;
			buildActionMask = 2147483647;
			files = (
			);
			runOnlyForDeploymentPostprocessing = 0;
		};
/* End PBXFrameworksBuildPhase section */

/* Begin PBXGroup section */
		677ABD3E207CFD07005BEDD3 = {
			isa = PBXGroup;
			children = (
				677ABD49207CFD07005BEDD3 /* VoiceRecorder */,
				677ABD48207CFD07005BEDD3 /* Products */,
				677983D421247A9C00D4D1A7 /* README.md */,
			);
			sourceTree = "<group>";
		};
		677ABD48207CFD07005BEDD3 /* Products */ = {
			isa = PBXGroup;
			children = (
				677ABD47207CFD07005BEDD3 /* VoiceRecorder.app */,
			);
			name = Products;
			sourceTree = "<group>";
		};
		677ABD49207CFD07005BEDD3 /* VoiceRecorder */ = {
			isa = PBXGroup;
			children = (
				677ABD4A207CFD07005BEDD3 /* AppDelegate.swift */,
				677ABD4C207CFD07005BEDD3 /* ViewController.swift */,
				67A44C1B207D0E3600D4EA48 /* RecorderViewController.swift */,
				67A44C1D207D0E5400D4EA48 /* HistoryTableViewController.swift */,
				67E3DB882084EF9400613A7F /* WaveformView.swift */,
				672431912090D6DB00844706 /* BarPlotView.swift */,
				677ABD4E207CFD07005BEDD3 /* Main.storyboard */,
				677ABD51207CFD07005BEDD3 /* Assets.xcassets */,
				677ABD53207CFD07005BEDD3 /* LaunchScreen.storyboard */,
				677ABD56207CFD07005BEDD3 /* Info.plist */,
			);
			path = VoiceRecorder;
			sourceTree = "<group>";
		};
/* End PBXGroup section */

/* Begin PBXNativeTarget section */
		677ABD46207CFD07005BEDD3 /* VoiceRecorder */ = {
			isa = PBXNativeTarget;
			buildConfigurationList = 677ABD59207CFD07005BEDD3 /* Build configuration list for PBXNativeTarget "VoiceRecorder" */;
			buildPhases = (
				677ABD43207CFD07005BEDD3 /* Sources */,
				677ABD44207CFD07005BEDD3 /* Frameworks */,
				677ABD45207CFD07005BEDD3 /* Resources */,
			);
			buildRules = (
			);
			dependencies = (
			);
			name = VoiceRecorder;
			productName = VoiceRecorder;
			productReference = 677ABD47207CFD07005BEDD3 /* VoiceRecorder.app */;
			productType = "com.apple.product-type.application";
		};
/* End PBXNativeTarget section */

/* Begin PBXProject section */
		677ABD3F207CFD07005BEDD3 /* Project object */ = {
			isa = PBXProject;
			attributes = {
				LastSwiftUpdateCheck = 0920;
				LastUpgradeCheck = 0920;
				ORGANIZATIONNAME = redant;
				TargetAttributes = {
					677ABD46207CFD07005BEDD3 = {
						CreatedOnToolsVersion = 9.2;
						ProvisioningStyle = Automatic;
						SystemCapabilities = {
							com.apple.BackgroundModes = {
								enabled = 1;
							};
						};
					};
				};
			};
			buildConfigurationList = 677ABD42207CFD07005BEDD3 /* Build configuration list for PBXProject "VoiceRecorder" */;
			compatibilityVersion = "Xcode 8.0";
			developmentRegion = en;
			hasScannedForEncodings = 0;
			knownRegions = (
				en,
				Base,
			);
			mainGroup = 677ABD3E207CFD07005BEDD3;
			productRefGroup = 677ABD48207CFD07005BEDD3 /* Products */;
			projectDirPath = "";
			projectRoot = "";
			targets = (
				677ABD46207CFD07005BEDD3 /* VoiceRecorder */,
			);
		};
/* End PBXProject section */

/* Begin PBXResourcesBuildPhase section */
		677ABD45207CFD07005BEDD3 /* Resources */ = {
			isa = PBXResourcesBuildPhase;
			buildActionMask = 2147483647;
			files = (
				677ABD55207CFD07005BEDD3 /* LaunchScreen.storyboard in Resources */,
				677ABD52207CFD07005BEDD3 /* Assets.xcassets in Resources */,
				677983D521247A9C00D4D1A7 /* README.md in Resources */,
				677ABD50207CFD07005BEDD3 /* Main.storyboard in Resources */,
			);
			runOnlyForDeploymentPostprocessing = 0;
		};
/* End PBXResourcesBuildPhase section */

/* Begin PBXSourcesBuildPhase section */
		677ABD43207CFD07005BEDD3 /* Sources */ = {
			isa = PBXSourcesBuildPhase;
			buildActionMask = 2147483647;
			files = (
				67A44C1E207D0E5400D4EA48 /* HistoryTableViewController.swift in Sources */,
				677ABD4D207CFD07005BEDD3 /* ViewController.swift in Sources */,
				67E3DB892084EF9400613A7F /* WaveformView.swift in Sources */,
				672431922090D6DB00844706 /* BarPlotView.swift in Sources */,
				67A44C1C207D0E3600D4EA48 /* RecorderViewController.swift in Sources */,
				677ABD4B207CFD07005BEDD3 /* AppDelegate.swift in Sources */,
			);
			runOnlyForDeploymentPostprocessing = 0;
		};
/* End PBXSourcesBuildPhase section */

/* Begin PBXVariantGroup section */
		677ABD4E207CFD07005BEDD3 /* Main.storyboard */ = {
			isa = PBXVariantGroup;
			children = (
				677ABD4F207CFD07005BEDD3 /* Base */,
			);
			name = Main.storyboard;
			sourceTree = "<group>";
		};
		677ABD53207CFD07005BEDD3 /* LaunchScreen.storyboard */ = {
			isa = PBXVariantGroup;
			children = (
				677ABD54207CFD07005BEDD3 /* Base */,
			);
			name = LaunchScreen.storyboard;
			sourceTree = "<group>";
		};
/* End PBXVariantGroup section */

/* Begin XCBuildConfiguration section */
		677ABD57207CFD07005BEDD3 /* Debug */ = {
			isa = XCBuildConfiguration;
			buildSettings = {
				ALWAYS_SEARCH_USER_PATHS = NO;
				CLANG_ANALYZER_NONNULL = YES;
				CLANG_ANALYZER_NUMBER_OBJECT_CONVERSION = YES_AGGRESSIVE;
				CLANG_CXX_LANGUAGE_STANDARD = "gnu++14";
				CLANG_CXX_LIBRARY = "libc++";
				CLANG_ENABLE_MODULES = YES;
				CLANG_ENABLE_OBJC_ARC = YES;
				CLANG_WARN_BLOCK_CAPTURE_AUTORELEASING = YES;
				CLANG_WARN_BOOL_CONVERSION = YES;
				CLANG_WARN_COMMA = YES;
				CLANG_WARN_CONSTANT_CONVERSION = YES;
				CLANG_WARN_DIRECT_OBJC_ISA_USAGE = YES_ERROR;
				CLANG_WARN_DOCUMENTATION_COMMENTS = YES;
				CLANG_WARN_EMPTY_BODY = YES;
				CLANG_WARN_ENUM_CONVERSION = YES;
				CLANG_WARN_INFINITE_RECURSION = YES;
				CLANG_WARN_INT_CONVERSION = YES;
				CLANG_WARN_NON_LITERAL_NULL_CONVERSION = YES;
				CLANG_WARN_OBJC_LITERAL_CONVERSION = YES;
				CLANG_WARN_OBJC_ROOT_CLASS = YES_ERROR;
				CLANG_WARN_RANGE_LOOP_ANALYSIS = YES;
				CLANG_WARN_STRICT_PROTOTYPES = YES;
				CLANG_WARN_SUSPICIOUS_MOVE = YES;
				CLANG_WARN_UNGUARDED_AVAILABILITY = YES_AGGRESSIVE;
				CLANG_WARN_UNREACHABLE_CODE = YES;
				CLANG_WARN__DUPLICATE_METHOD_MATCH = YES;
				CODE_SIGN_IDENTITY = "iPhone Developer";
				COPY_PHASE_STRIP = NO;
				DEBUG_INFORMATION_FORMAT = dwarf;
				ENABLE_STRICT_OBJC_MSGSEND = YES;
				ENABLE_TESTABILITY = YES;
				GCC_C_LANGUAGE_STANDARD = gnu11;
				GCC_DYNAMIC_NO_PIC = NO;
				GCC_NO_COMMON_BLOCKS = YES;
				GCC_OPTIMIZATION_LEVEL = 0;
				GCC_PREPROCESSOR_DEFINITIONS = (
					"DEBUG=1",
					"$(inherited)",
				);
				GCC_WARN_64_TO_32_BIT_CONVERSION = YES;
				GCC_WARN_ABOUT_RETURN_TYPE = YES_ERROR;
				GCC_WARN_UNDECLARED_SELECTOR = YES;
				GCC_WARN_UNINITIALIZED_AUTOS = YES_AGGRESSIVE;
				GCC_WARN_UNUSED_FUNCTION = YES;
				GCC_WARN_UNUSED_VARIABLE = YES;
				IPHONEOS_DEPLOYMENT_TARGET = 10.0;
				MTL_ENABLE_DEBUG_INFO = YES;
				ONLY_ACTIVE_ARCH = YES;
				SDKROOT = iphoneos;
				SWIFT_ACTIVE_COMPILATION_CONDITIONS = DEBUG;
				SWIFT_OPTIMIZATION_LEVEL = "-Onone";
			};
			name = Debug;
		};
		677ABD58207CFD07005BEDD3 /* Release */ = {
			isa = XCBuildConfiguration;
			buildSettings = {
				ALWAYS_SEARCH_USER_PATHS = NO;
				CLANG_ANALYZER_NONNULL = YES;
				CLANG_ANALYZER_NUMBER_OBJECT_CONVERSION = YES_AGGRESSIVE;
				CLANG_CXX_LANGUAGE_STANDARD = "gnu++14";
				CLANG_CXX_LIBRARY = "libc++";
				CLANG_ENABLE_MODULES = YES;
				CLANG_ENABLE_OBJC_ARC = YES;
				CLANG_WARN_BLOCK_CAPTURE_AUTORELEASING = YES;
				CLANG_WARN_BOOL_CONVERSION = YES;
				CLANG_WARN_COMMA = YES;
				CLANG_WARN_CONSTANT_CONVERSION = YES;
				CLANG_WARN_DIRECT_OBJC_ISA_USAGE = YES_ERROR;
				CLANG_WARN_DOCUMENTATION_COMMENTS = YES;
				CLANG_WARN_EMPTY_BODY = YES;
				CLANG_WARN_ENUM_CONVERSION = YES;
				CLANG_WARN_INFINITE_RECURSION = YES;
				CLANG_WARN_INT_CONVERSION = YES;
				CLANG_WARN_NON_LITERAL_NULL_CONVERSION = YES;
				CLANG_WARN_OBJC_LITERAL_CONVERSION = YES;
				CLANG_WARN_OBJC_ROOT_CLASS = YES_ERROR;
				CLANG_WARN_RANGE_LOOP_ANALYSIS = YES;
				CLANG_WARN_STRICT_PROTOTYPES = YES;
				CLANG_WARN_SUSPICIOUS_MOVE = YES;
				CLANG_WARN_UNGUARDED_AVAILABILITY = YES_AGGRESSIVE;
				CLANG_WARN_UNREACHABLE_CODE = YES;
				CLANG_WARN__DUPLICATE_METHOD_MATCH = YES;
				CODE_SIGN_IDENTITY = "iPhone Developer";
				COPY_PHASE_STRIP = NO;
				DEBUG_INFORMATION_FORMAT = "dwarf-with-dsym";
				ENABLE_NS_ASSERTIONS = NO;
				ENABLE_STRICT_OBJC_MSGSEND = YES;
				GCC_C_LANGUAGE_STANDARD = gnu11;
				GCC_NO_COMMON_BLOCKS = YES;
				GCC_WARN_64_TO_32_BIT_CONVERSION = YES;
				GCC_WARN_ABOUT_RETURN_TYPE = YES_ERROR;
				GCC_WARN_UNDECLARED_SELECTOR = YES;
				GCC_WARN_UNINITIALIZED_AUTOS = YES_AGGRESSIVE;
				GCC_WARN_UNUSED_FUNCTION = YES;
				GCC_WARN_UNUSED_VARIABLE = YES;
				IPHONEOS_DEPLOYMENT_TARGET = 10.0;
				MTL_ENABLE_DEBUG_INFO = NO;
				SDKROOT = iphoneos;
				SWIFT_OPTIMIZATION_LEVEL = "-Owholemodule";
				VALIDATE_PRODUCT = YES;
			};
			name = Release;
		};
		677ABD5A207CFD07005BEDD3 /* Debug */ = {
			isa = XCBuildConfiguration;
			buildSettings = {
				ASSETCATALOG_COMPILER_APPICON_NAME = AppIcon;
				CODE_SIGN_STYLE = Automatic;
				DEVELOPMENT_TEAM = 8BHJK9T37V;
				INFOPLIST_FILE = VoiceRecorder/Info.plist;
				LD_RUNPATH_SEARCH_PATHS = "$(inherited) @executable_path/Frameworks";
				PRODUCT_BUNDLE_IDENTIFIER = com.redant.VoiceRecorder;
				PRODUCT_NAME = "$(TARGET_NAME)";
				SWIFT_VERSION = 4.0;
				TARGETED_DEVICE_FAMILY = "1,2";
			};
			name = Debug;
		};
		677ABD5B207CFD07005BEDD3 /* Release */ = {
			isa = XCBuildConfiguration;
			buildSettings = {
				ASSETCATALOG_COMPILER_APPICON_NAME = AppIcon;
				CODE_SIGN_STYLE = Automatic;
				DEVELOPMENT_TEAM = 8BHJK9T37V;
				INFOPLIST_FILE = VoiceRecorder/Info.plist;
				LD_RUNPATH_SEARCH_PATHS = "$(inherited) @executable_path/Frameworks";
				PRODUCT_BUNDLE_IDENTIFIER = com.redant.VoiceRecorder;
				PRODUCT_NAME = "$(TARGET_NAME)";
				SWIFT_VERSION = 4.0;
				TARGETED_DEVICE_FAMILY = "1,2";
			};
			name = Release;
		};
/* End XCBuildConfiguration section */

/* Begin XCConfigurationList section */
		677ABD42207CFD07005BEDD3 /* Build configuration list for PBXProject "VoiceRecorder" */ = {
			isa = XCConfigurationList;
			buildConfigurations = (
				677ABD57207CFD07005BEDD3 /* Debug */,
				677ABD58207CFD07005BEDD3 /* Release */,
			);
			defaultConfigurationIsVisible = 0;
			defaultConfigurationName = Release;
		};
		677ABD59207CFD07005BEDD3 /* Build configuration list for PBXNativeTarget "VoiceRecorder" */ = {
			isa = XCConfigurationList;
			buildConfigurations = (
				677ABD5A207CFD07005BEDD3 /* Debug */,
				677ABD5B207CFD07005BEDD3 /* Release */,
			);
			defaultConfigurationIsVisible = 0;
			defaultConfigurationName = Release;
		};
/* End XCConfigurationList section */
	};
	rootObject = 677ABD3F207CFD07005BEDD3 /* Project object */;
}
